
Microsoft Visual Studio Solution File, Format Version 12.00
# Visual Studio Version 16
VisualStudioVersion = 16.0.34114.132
MinimumVisualStudioVersion = 10.0.40219.1
Project("{FAE04EC0-301F-11D3-BF4B-00C04F79EFBC}") = "BusinessAdvanceManagement.UI", "BusinessAdvanceManagement.UI\BusinessAdvanceManagement.UI.csproj", "{302F7F57-AFD5-4BFB-94AD-B046C42625C9}"
EndProject
Project("{FAE04EC0-301F-11D3-BF4B-00C04F79EFBC}") = "BusinessAdvanceManagement.Domain", "BusinessAdvanceManagement.Domain\BusinessAdvanceManagement.Domain.csproj", "{CC668E2F-694B-4C07-97E5-63E92F4C1BEC}"
EndProject
Project("{FAE04EC0-301F-11D3-BF4B-00C04F79EFBC}") = "BusinessAdvanceManagement.Core", "BusinessAdvanceManagement.Core\BusinessAdvanceManagement.Core.csproj", "{152E48F9-6DD9-4A78-ABD6-705D54057B95}"
EndProject
Project("{FAE04EC0-301F-11D3-BF4B-00C04F79EFBC}") = "BusinessAdvanceManagement.Business", "BusinessAdvanceManagement.Business\BusinessAdvanceManagement.Business.csproj", "{4CF3B754-B37B-488F-95A0-2473D9172C31}"
EndProject
Global
	GlobalSection(SolutionConfigurationPlatforms) = preSolution
		Debug|Any CPU = Debug|Any CPU
		Release|Any CPU = Release|Any CPU
	EndGlobalSection
	GlobalSection(ProjectConfigurationPlatforms) = postSolution
		{302F7F57-AFD5-4BFB-94AD-B046C42625C9}.Debug|Any CPU.ActiveCfg = Debug|Any CPU
		{302F7F57-AFD5-4BFB-94AD-B046C42625C9}.Debug|Any CPU.Build.0 = Debug|Any CPU
		{302F7F57-AFD5-4BFB-94AD-B046C42625C9}.Release|Any CPU.ActiveCfg = Release|Any CPU
		{302F7F57-AFD5-4BFB-94AD-B046C42625C9}.Release|Any CPU.Build.0 = Release|Any CPU
		{CC668E2F-694B-4C07-97E5-63E92F4C1BEC}.Debug|Any CPU.ActiveCfg = Debug|Any CPU
		{CC668E2F-694B-4C07-97E5-63E92F4C1BEC}.Debug|Any CPU.Build.0 = Debug|Any CPU
		{CC668E2F-694B-4C07-97E5-63E92F4C1BEC}.Release|Any CPU.ActiveCfg = Release|Any CPU
		{CC668E2F-694B-4C07-97E5-63E92F4C1BEC}.Release|Any CPU.Build.0 = Release|Any CPU
		{152E48F9-6DD9-4A78-ABD6-705D54057B95}.Debug|Any CPU.ActiveCfg = Debug|Any CPU
		{152E48F9-6DD9-4A78-ABD6-705D54057B95}.Debug|Any CPU.Build.0 = Debug|Any CPU
		{152E48F9-6DD9-4A78-ABD6-705D54057B95}.Release|Any CPU.ActiveCfg = Release|Any CPU
		{152E48F9-6DD9-4A78-ABD6-705D54057B95}.Release|Any CPU.Build.0 = Release|Any CPU
		{4CF3B754-B37B-488F-95A0-2473D9172C31}.Debug|Any CPU.ActiveCfg = Debug|Any CPU
		{4CF3B754-B37B-488F-95A0-2473D9172C31}.Debug|Any CPU.Build.0 = Debug|Any CPU
		{4CF3B754-B37B-488F-95A0-2473D9172C31}.Release|Any CPU.ActiveCfg = Release|Any CPU
		{4CF3B754-B37B-488F-95A0-2473D9172C31}.Release|Any CPU.Build.0 = Release|Any CPU
	EndGlobalSection
	GlobalSection(SolutionProperties) = preSolution
		HideSolutionNode = FALSE
	EndGlobalSection
	GlobalSection(ExtensibilityGlobals) = postSolution
		SolutionGuid = {BCAEC875-EFC7-40EC-A0C8-C9575CBF5D8A}
	EndGlobalSection
EndGlobal
